
Microsoft Visual Studio Solution File, Format Version 12.00
# Visual Studio 15
VisualStudioVersion = 15.0.28010.2048
MinimumVisualStudioVersion = 10.0.40219.1
Project("{FAE04EC0-301F-11D3-BF4B-00C04F79EFBC}") = "Common", "Common\Common.csproj", "{178E7601-DFA7-4495-9D97-21D55AD5E3BB}"
EndProject
Project("{FAE04EC0-301F-11D3-BF4B-00C04F79EFBC}") = "Server", "Server\Server.csproj", "{03DA30A3-14B7-4E38-929F-A12165C1E005}"
EndProject
Global
	GlobalSection(SolutionConfigurationPlatforms) = preSolution
		Debug|Any CPU = Debug|Any CPU
		Release|Any CPU = Release|Any CPU
	EndGlobalSection
	GlobalSection(ProjectConfigurationPlatforms) = postSolution
		{178E7601-DFA7-4495-9D97-21D55AD5E3BB}.Debug|Any CPU.ActiveCfg = Debug|Any CPU
		{178E7601-DFA7-4495-9D97-21D55AD5E3BB}.Debug|Any CPU.Build.0 = Debug|Any CPU
		{178E7601-DFA7-4495-9D97-21D55AD5E3BB}.Release|Any CPU.ActiveCfg = Release|Any CPU
		{178E7601-DFA7-4495-9D97-21D55AD5E3BB}.Release|Any CPU.Build.0 = Release|Any CPU
		{03DA30A3-14B7-4E38-929F-A12165C1E005}.Debug|Any CPU.ActiveCfg = Debug|Any CPU
		{03DA30A3-14B7-4E38-929F-A12165C1E005}.Debug|Any CPU.Build.0 = Debug|Any CPU
		{03DA30A3-14B7-4E38-929F-A12165C1E005}.Release|Any CPU.ActiveCfg = Release|Any CPU
		{03DA30A3-14B7-4E38-929F-A12165C1E005}.Release|Any CPU.Build.0 = Release|Any CPU
	EndGlobalSection
	GlobalSection(SolutionProperties) = preSolution
		HideSolutionNode = FALSE
	EndGlobalSection
	GlobalSection(ExtensibilityGlobals) = postSolution
		SolutionGuid = {5ACC614D-5ABD-47CD-B7CE-7FBADC4368D8}
	EndGlobalSection
EndGlobal
